{
  "version": 4,
  "terraform_version": "1.5.1",
  "serial": 16,
  "lineage": "0ecd06fc-534e-7c20-24ad-296b21a9f9b3",
  "outputs": {
    "external_ip_address_app": {
      "value": "62.84.124.19",
      "type": "string"
    }
  },
  "resources": [
    {
      "mode": "managed",
      "type": "yandex_compute_instance",
      "name": "app",
      "provider": "provider[\"registry.terraform.io/yandex-cloud/yandex\"]",
      "instances": [
        {
          "schema_version": 1,
          "attributes": {
            "allow_recreate": null,
            "allow_stopping_for_update": null,
            "boot_disk": [
              {
                "auto_delete": true,
                "device_name": "fhmqdvgs7jhcm5kqq8mb",
                "disk_id": "fhmqdvgs7jhcm5kqq8mb",
                "initialize_params": [
                  {
                    "block_size": 4096,
                    "description": "",
                    "image_id": "fd86u6vpvp1srupqf0l3",
                    "name": "",
                    "size": 10,
                    "snapshot_id": "",
                    "type": "network-hdd"
                  }
                ],
                "mode": "READ_WRITE"
              }
            ],
            "created_at": "2023-09-11T01:59:49Z",
            "description": "",
            "filesystem": [],
            "folder_id": "b1g2a5mhs8gsj54emue5",
            "fqdn": "fhmu6m96bq19cmir0jpu.auto.internal",
            "gpu_cluster_id": "",
            "hostname": "",
            "id": "fhmu6m96bq19cmir0jpu",
            "labels": null,
            "local_disk": [],
            "metadata": {
              "ssh-keys": "ubuntu:ssh-rsa AAAAB3NzaC1yc2EAAAADAQABAAABgQC10vyX8lihLOdMfYo6TTt0FjdqKEHCZlKOV8aguSREpRbSqLxk7YGkK/yXmogqNMh5ceZ2H86FFkDA+WkOMC6raTVFTuGwgnAxSeU7+RQhuIQ72RueShqDzkBbkEs01OeHRNZ4Ls/GdC/Loz4/XbHX0TxP5x4NkY6EUBTFJ//7bG9uIjOuxLvsh0rVJrmQ8Kyjhed+PmJflD18UFqRR5/wWgi8PouQaTkoXwxFCXJFUDpt4XRa4BLAe4rU5jcyeCZ29F2Ss2lb5cfV0iaOLzPWlCXKORJ34p5I0I7A4CnI0hBGWsfqyvyjc1jPUER4FZFQPtbLfWuLYKfEFli6PIwCRSMpQoDKBQVzlJnkx2ljaR6UktLqWfBK4Iwt6nSJjBp5LUmNA+2+Y3PrZ0FEfQqbpkOUVaEFq2uiKUyva62ehji2pE4I4KCG/CVpD8KXZloXRfW1GJfIZE/9KqxN8ij6VbNwNyk1xq/6o4/trSyDjzQffCFJMRjZ5wBIgBkHI7c= appuser\n"
            },
            "metadata_options": [
              {
                "aws_v1_http_endpoint": 1,
                "aws_v1_http_token": 2,
                "gce_http_endpoint": 1,
                "gce_http_token": 1
              }
            ],
            "name": "reddit-app",
            "network_acceleration_type": "standard",
            "network_interface": [
              {
                "dns_record": [],
                "index": 0,
                "ip_address": "10.128.0.10",
                "ipv4": true,
                "ipv6": false,
                "ipv6_address": "",
                "ipv6_dns_record": [],
                "mac_address": "d0:0d:1e:35:92:65",
                "nat": true,
                "nat_dns_record": [],
                "nat_ip_address": "62.84.124.19",
                "nat_ip_version": "IPV4",
                "security_group_ids": [],
                "subnet_id": "e9bi60mhr5h217ef26i0"
              }
            ],
            "placement_policy": [
              {
                "host_affinity_rules": [],
                "placement_group_id": ""
              }
            ],
            "platform_id": "standard-v1",
            "resources": [
              {
                "core_fraction": 100,
                "cores": 2,
                "gpus": 0,
                "memory": 2
              }
            ],
            "scheduling_policy": [
              {
                "preemptible": false
              }
            ],
            "secondary_disk": [],
            "service_account_id": "",
            "status": "running",
            "timeouts": null,
            "zone": "ru-central1-a"
          },
          "sensitive_attributes": [],
          "private": "eyJlMmJmYjczMC1lY2FhLTExZTYtOGY4OC0zNDM2M2JjN2M0YzAiOnsiY3JlYXRlIjozMDAwMDAwMDAwMDAsImRlbGV0ZSI6MzAwMDAwMDAwMDAwLCJ1cGRhdGUiOjMwMDAwMDAwMDAwMH0sInNjaGVtYV92ZXJzaW9uIjoiMSJ9"
        }
      ]
    }
  ],
  "check_results": null
}
